<?xml version="1.0" encoding="utf-8"?>
<Project ToolsVersion="4.0" xmlns="http://schemas.microsoft.com/developer/msbuild/2003">
  <ItemGroup>
    <Filter Include="Source Files">
      <UniqueIdentifier>{81c5865f-ee2f-4e23-8871-238d7bce923f}</UniqueIdentifier>
      <Extensions>cpp;c;cxx;rc;def;r;odl;idl;hpj;bat</Extensions>
    </Filter>
    <Filter Include="Header File">
      <UniqueIdentifier>{6fdcc57a-f4a8-4383-8a10-8a3c4a90f4ff}</UniqueIdentifier>
      <Extensions>h;hpp;hxx;hm;inl</Extensions>
    </Filter>
  </ItemGroup>
  <ItemGroup>
    <ClCompile Include="CThreadBase.cpp">
      <Filter>Source Files</Filter>
    </ClCompile>
    <ClCompile Include="ftp.cpp">
      <Filter>Source Files</Filter>
    </ClCompile>
    <ClCompile Include="CFtpWorker.cpp">
      <Filter>Source Files</Filter>
    </ClCompile>
    <ClCompile Include="CSocket.cpp">
      <Filter>Source Files</Filter>
    </ClCompile>
  </ItemGroup>
  <ItemGroup>
    <ClInclude Include="CThreadBase.h">
      <Filter>Header File</Filter>
    </ClInclude>
    <ClInclude Include="CFtpWorker.h">
      <Filter>Header File</Filter>
    </ClInclude>
    <ClInclude Include="CSocket.h">
      <Filter>Header File</Filter>
    </ClInclude>
  </ItemGroup>
  <ItemGroup>
    <None Include="makefile">
      <Filter>Source Files</Filter>
    </None>
  </ItemGroup>
</Project>